
Microsoft Visual Studio Solution File, Format Version 12.00
# Visual Studio Version 16
VisualStudioVersion = 16.0.28803.202
MinimumVisualStudioVersion = 10.0.40219.1
Project("{9A19103F-16F7-4668-BE54-9A1E7A4F7556}") = "InternationalBusiness.API", "InternationalBusiness\InternationalBusiness.API.csproj", "{E67D1B74-86C6-41E1-BE9C-39010707066A}"
EndProject
Project("{9A19103F-16F7-4668-BE54-9A1E7A4F7556}") = "InternationalBusiness.Core", "InternationalBusiness.Core\InternationalBusiness.Core.csproj", "{05BD704C-729A-40AE-9EE0-F0631D6BC783}"
EndProject
Global
	GlobalSection(SolutionConfigurationPlatforms) = preSolution
		Debug|Any CPU = Debug|Any CPU
		Release|Any CPU = Release|Any CPU
	EndGlobalSection
	GlobalSection(ProjectConfigurationPlatforms) = postSolution
		{E67D1B74-86C6-41E1-BE9C-39010707066A}.Debug|Any CPU.ActiveCfg = Debug|Any CPU
		{E67D1B74-86C6-41E1-BE9C-39010707066A}.Debug|Any CPU.Build.0 = Debug|Any CPU
		{E67D1B74-86C6-41E1-BE9C-39010707066A}.Release|Any CPU.ActiveCfg = Release|Any CPU
		{E67D1B74-86C6-41E1-BE9C-39010707066A}.Release|Any CPU.Build.0 = Release|Any CPU
		{05BD704C-729A-40AE-9EE0-F0631D6BC783}.Debug|Any CPU.ActiveCfg = Debug|Any CPU
		{05BD704C-729A-40AE-9EE0-F0631D6BC783}.Debug|Any CPU.Build.0 = Debug|Any CPU
		{05BD704C-729A-40AE-9EE0-F0631D6BC783}.Release|Any CPU.ActiveCfg = Release|Any CPU
		{05BD704C-729A-40AE-9EE0-F0631D6BC783}.Release|Any CPU.Build.0 = Release|Any CPU
	EndGlobalSection
	GlobalSection(SolutionProperties) = preSolution
		HideSolutionNode = FALSE
	EndGlobalSection
	GlobalSection(ExtensibilityGlobals) = postSolution
		SolutionGuid = {6D7B6C37-14E6-467D-B33A-0DE42662E4E2}
	EndGlobalSection
EndGlobal
